
Microsoft Visual Studio Solution File, Format Version 12.00
# Visual Studio 14
VisualStudioVersion = 14.0.23107.0
MinimumVisualStudioVersion = 10.0.40219.1
Project("{FAE04EC0-301F-11D3-BF4B-00C04F79EFBC}") = "Finite", "Finite\Finite.csproj", "{551873AB-66F5-4F59-83E9-DEEACD8A540C}"
EndProject
Project("{FAE04EC0-301F-11D3-BF4B-00C04F79EFBC}") = "Finite.Tests", "Finite.Tests\Finite.Tests.csproj", "{E32C269C-AC87-468D-BB57-C5E1D259F0B0}"
EndProject
Project("{FAE04EC0-301F-11D3-BF4B-00C04F79EFBC}") = "Sample.Common", "Sample.Common\Sample.Common.csproj", "{238414DD-DD84-47B9-BE9C-62AE6AB636C3}"
EndProject
Project("{FAE04EC0-301F-11D3-BF4B-00C04F79EFBC}") = "Sample.Winforms", "Sample.Winforms\Sample.Winforms.csproj", "{891D48B6-35C1-46EB-8A5A-99A2C1D5C04D}"
EndProject
Global
	GlobalSection(SolutionConfigurationPlatforms) = preSolution
		Debug|Any CPU = Debug|Any CPU
		Release|Any CPU = Release|Any CPU
	EndGlobalSection
	GlobalSection(ProjectConfigurationPlatforms) = postSolution
		{551873AB-66F5-4F59-83E9-DEEACD8A540C}.Debug|Any CPU.ActiveCfg = Debug|Any CPU
		{551873AB-66F5-4F59-83E9-DEEACD8A540C}.Debug|Any CPU.Build.0 = Debug|Any CPU
		{551873AB-66F5-4F59-83E9-DEEACD8A540C}.Release|Any CPU.ActiveCfg = Release|Any CPU
		{551873AB-66F5-4F59-83E9-DEEACD8A540C}.Release|Any CPU.Build.0 = Release|Any CPU
		{E32C269C-AC87-468D-BB57-C5E1D259F0B0}.Debug|Any CPU.ActiveCfg = Debug|Any CPU
		{E32C269C-AC87-468D-BB57-C5E1D259F0B0}.Debug|Any CPU.Build.0 = Debug|Any CPU
		{E32C269C-AC87-468D-BB57-C5E1D259F0B0}.Release|Any CPU.ActiveCfg = Release|Any CPU
		{E32C269C-AC87-468D-BB57-C5E1D259F0B0}.Release|Any CPU.Build.0 = Release|Any CPU
		{238414DD-DD84-47B9-BE9C-62AE6AB636C3}.Debug|Any CPU.ActiveCfg = Debug|Any CPU
		{238414DD-DD84-47B9-BE9C-62AE6AB636C3}.Debug|Any CPU.Build.0 = Debug|Any CPU
		{238414DD-DD84-47B9-BE9C-62AE6AB636C3}.Release|Any CPU.ActiveCfg = Release|Any CPU
		{238414DD-DD84-47B9-BE9C-62AE6AB636C3}.Release|Any CPU.Build.0 = Release|Any CPU
		{891D48B6-35C1-46EB-8A5A-99A2C1D5C04D}.Debug|Any CPU.ActiveCfg = Debug|Any CPU
		{891D48B6-35C1-46EB-8A5A-99A2C1D5C04D}.Debug|Any CPU.Build.0 = Debug|Any CPU
		{891D48B6-35C1-46EB-8A5A-99A2C1D5C04D}.Release|Any CPU.ActiveCfg = Release|Any CPU
		{891D48B6-35C1-46EB-8A5A-99A2C1D5C04D}.Release|Any CPU.Build.0 = Release|Any CPU
	EndGlobalSection
	GlobalSection(SolutionProperties) = preSolution
		HideSolutionNode = FALSE
	EndGlobalSection
EndGlobal
